
Microsoft Visual Studio Solution File, Format Version 12.00
# Visual Studio 14
VisualStudioVersion = 14.0.23107.0
MinimumVisualStudioVersion = 10.0.40219.1
Project("{FAE04EC0-301F-11D3-BF4B-00C04F79EFBC}") = "FreshMvvmEmptyTab", "FreshMvvmEmptyTab\FreshMvvmEmptyTab\FreshMvvmEmptyTab.csproj", "{48E67ED1-A8E6-4204-955E-555DC8F5FBF0}"
EndProject
Project("{FAE04EC0-301F-11D3-BF4B-00C04F79EFBC}") = "FreshMvvmEmptyTab.iOS", "FreshMvvmEmptyTab\FreshMvvmEmptyTab.iOS\FreshMvvmEmptyTab.iOS.csproj", "{28BE91E0-66F0-4B76-B521-B69FBAB32190}"
EndProject
Project("{FAE04EC0-301F-11D3-BF4B-00C04F79EFBC}") = "FreshMvvmEmptyTab.Droid", "FreshMvvmEmptyTab\FreshMvvmEmptyTab.Droid\FreshMvvmEmptyTab.Droid.csproj", "{0BD78888-672A-4D43-8D0E-FE94E993182F}"
EndProject
Project("{FAE04EC0-301F-11D3-BF4B-00C04F79EFBC}") = "FreshMvvmEmptyTab.WinPhone", "FreshMvvmEmptyTab\FreshMvvmEmptyTab.WinPhone\FreshMvvmEmptyTab.WinPhone.csproj", "{201EE1F4-2082-421E-B51F-BA8A99A146B8}"
EndProject
Global
	GlobalSection(SolutionConfigurationPlatforms) = preSolution
		Ad-Hoc|Any CPU = Ad-Hoc|Any CPU
		Ad-Hoc|ARM = Ad-Hoc|ARM
		Ad-Hoc|iPhone = Ad-Hoc|iPhone
		Ad-Hoc|iPhoneSimulator = Ad-Hoc|iPhoneSimulator
		Ad-Hoc|x86 = Ad-Hoc|x86
		AppStore|Any CPU = AppStore|Any CPU
		AppStore|ARM = AppStore|ARM
		AppStore|iPhone = AppStore|iPhone
		AppStore|iPhoneSimulator = AppStore|iPhoneSimulator
		AppStore|x86 = AppStore|x86
		Debug|Any CPU = Debug|Any CPU
		Debug|ARM = Debug|ARM
		Debug|iPhone = Debug|iPhone
		Debug|iPhoneSimulator = Debug|iPhoneSimulator
		Debug|x86 = Debug|x86
		Release|Any CPU = Release|Any CPU
		Release|ARM = Release|ARM
		Release|iPhone = Release|iPhone
		Release|iPhoneSimulator = Release|iPhoneSimulator
		Release|x86 = Release|x86
	EndGlobalSection
	GlobalSection(ProjectConfigurationPlatforms) = postSolution
		{48E67ED1-A8E6-4204-955E-555DC8F5FBF0}.Ad-Hoc|Any CPU.ActiveCfg = Release|Any CPU
		{48E67ED1-A8E6-4204-955E-555DC8F5FBF0}.Ad-Hoc|Any CPU.Build.0 = Release|Any CPU
		{48E67ED1-A8E6-4204-955E-555DC8F5FBF0}.Ad-Hoc|ARM.ActiveCfg = Release|Any CPU
		{48E67ED1-A8E6-4204-955E-555DC8F5FBF0}.Ad-Hoc|ARM.Build.0 = Release|Any CPU
		{48E67ED1-A8E6-4204-955E-555DC8F5FBF0}.Ad-Hoc|iPhone.ActiveCfg = Release|Any CPU
		{48E67ED1-A8E6-4204-955E-555DC8F5FBF0}.Ad-Hoc|iPhone.Build.0 = Release|Any CPU
		{48E67ED1-A8E6-4204-955E-555DC8F5FBF0}.Ad-Hoc|iPhoneSimulator.ActiveCfg = Release|Any CPU
		{48E67ED1-A8E6-4204-955E-555DC8F5FBF0}.Ad-Hoc|iPhoneSimulator.Build.0 = Release|Any CPU
		{48E67ED1-A8E6-4204-955E-555DC8F5FBF0}.Ad-Hoc|x86.ActiveCfg = Release|Any CPU
		{48E67ED1-A8E6-4204-955E-555DC8F5FBF0}.Ad-Hoc|x86.Build.0 = Release|Any CPU
		{48E67ED1-A8E6-4204-955E-555DC8F5FBF0}.AppStore|Any CPU.ActiveCfg = Release|Any CPU
		{48E67ED1-A8E6-4204-955E-555DC8F5FBF0}.AppStore|Any CPU.Build.0 = Release|Any CPU
		{48E67ED1-A8E6-4204-955E-555DC8F5FBF0}.AppStore|ARM.ActiveCfg = Release|Any CPU
		{48E67ED1-A8E6-4204-955E-555DC8F5FBF0}.AppStore|ARM.Build.0 = Release|Any CPU
		{48E67ED1-A8E6-4204-955E-555DC8F5FBF0}.AppStore|iPhone.ActiveCfg = Release|Any CPU
		{48E67ED1-A8E6-4204-955E-555DC8F5FBF0}.AppStore|iPhone.Build.0 = Release|Any CPU
		{48E67ED1-A8E6-4204-955E-555DC8F5FBF0}.AppStore|iPhoneSimulator.ActiveCfg = Release|Any CPU
		{48E67ED1-A8E6-4204-955E-555DC8F5FBF0}.AppStore|iPhoneSimulator.Build.0 = Release|Any CPU
		{48E67ED1-A8E6-4204-955E-555DC8F5FBF0}.AppStore|x86.ActiveCfg = Release|Any CPU
		{48E67ED1-A8E6-4204-955E-555DC8F5FBF0}.AppStore|x86.Build.0 = Release|Any CPU
		{48E67ED1-A8E6-4204-955E-555DC8F5FBF0}.Debug|Any CPU.ActiveCfg = Debug|Any CPU
		{48E67ED1-A8E6-4204-955E-555DC8F5FBF0}.Debug|Any CPU.Build.0 = Debug|Any CPU
		{48E67ED1-A8E6-4204-955E-555DC8F5FBF0}.Debug|ARM.ActiveCfg = Debug|Any CPU
		{48E67ED1-A8E6-4204-955E-555DC8F5FBF0}.Debug|ARM.Build.0 = Debug|Any CPU
		{48E67ED1-A8E6-4204-955E-555DC8F5FBF0}.Debug|iPhone.ActiveCfg = Debug|Any CPU
		{48E67ED1-A8E6-4204-955E-555DC8F5FBF0}.Debug|iPhone.Build.0 = Debug|Any CPU
		{48E67ED1-A8E6-4204-955E-555DC8F5FBF0}.Debug|iPhoneSimulator.ActiveCfg = Debug|Any CPU
		{48E67ED1-A8E6-4204-955E-555DC8F5FBF0}.Debug|iPhoneSimulator.Build.0 = Debug|Any CPU
		{48E67ED1-A8E6-4204-955E-555DC8F5FBF0}.Debug|x86.ActiveCfg = Debug|Any CPU
		{48E67ED1-A8E6-4204-955E-555DC8F5FBF0}.Debug|x86.Build.0 = Debug|Any CPU
		{48E67ED1-A8E6-4204-955E-555DC8F5FBF0}.Release|Any CPU.ActiveCfg = Release|Any CPU
		{48E67ED1-A8E6-4204-955E-555DC8F5FBF0}.Release|Any CPU.Build.0 = Release|Any CPU
		{48E67ED1-A8E6-4204-955E-555DC8F5FBF0}.Release|ARM.ActiveCfg = Release|Any CPU
		{48E67ED1-A8E6-4204-955E-555DC8F5FBF0}.Release|ARM.Build.0 = Release|Any CPU
		{48E67ED1-A8E6-4204-955E-555DC8F5FBF0}.Release|iPhone.ActiveCfg = Release|Any CPU
		{48E67ED1-A8E6-4204-955E-555DC8F5FBF0}.Release|iPhone.Build.0 = Release|Any CPU
		{48E67ED1-A8E6-4204-955E-555DC8F5FBF0}.Release|iPhoneSimulator.ActiveCfg = Release|Any CPU
		{48E67ED1-A8E6-4204-955E-555DC8F5FBF0}.Release|iPhoneSimulator.Build.0 = Release|Any CPU
		{48E67ED1-A8E6-4204-955E-555DC8F5FBF0}.Release|x86.ActiveCfg = Release|Any CPU
		{48E67ED1-A8E6-4204-955E-555DC8F5FBF0}.Release|x86.Build.0 = Release|Any CPU
		{28BE91E0-66F0-4B76-B521-B69FBAB32190}.Ad-Hoc|Any CPU.ActiveCfg = Ad-Hoc|iPhone
		{28BE91E0-66F0-4B76-B521-B69FBAB32190}.Ad-Hoc|ARM.ActiveCfg = Ad-Hoc|iPhone
		{28BE91E0-66F0-4B76-B521-B69FBAB32190}.Ad-Hoc|iPhone.ActiveCfg = Ad-Hoc|iPhone
		{28BE91E0-66F0-4B76-B521-B69FBAB32190}.Ad-Hoc|iPhone.Build.0 = Ad-Hoc|iPhone
		{28BE91E0-66F0-4B76-B521-B69FBAB32190}.Ad-Hoc|iPhoneSimulator.ActiveCfg = Ad-Hoc|iPhoneSimulator
		{28BE91E0-66F0-4B76-B521-B69FBAB32190}.Ad-Hoc|iPhoneSimulator.Build.0 = Ad-Hoc|iPhoneSimulator
		{28BE91E0-66F0-4B76-B521-B69FBAB32190}.Ad-Hoc|x86.ActiveCfg = Ad-Hoc|iPhone
		{28BE91E0-66F0-4B76-B521-B69FBAB32190}.AppStore|Any CPU.ActiveCfg = AppStore|iPhone
		{28BE91E0-66F0-4B76-B521-B69FBAB32190}.AppStore|ARM.ActiveCfg = AppStore|iPhone
		{28BE91E0-66F0-4B76-B521-B69FBAB32190}.AppStore|iPhone.ActiveCfg = AppStore|iPhone
		{28BE91E0-66F0-4B76-B521-B69FBAB32190}.AppStore|iPhone.Build.0 = AppStore|iPhone
		{28BE91E0-66F0-4B76-B521-B69FBAB32190}.AppStore|iPhoneSimulator.ActiveCfg = AppStore|iPhoneSimulator
		{28BE91E0-66F0-4B76-B521-B69FBAB32190}.AppStore|iPhoneSimulator.Build.0 = AppStore|iPhoneSimulator
		{28BE91E0-66F0-4B76-B521-B69FBAB32190}.AppStore|x86.ActiveCfg = AppStore|iPhone
		{28BE91E0-66F0-4B76-B521-B69FBAB32190}.Debug|Any CPU.ActiveCfg = Debug|iPhone
		{28BE91E0-66F0-4B76-B521-B69FBAB32190}.Debug|ARM.ActiveCfg = Debug|iPhone
		{28BE91E0-66F0-4B76-B521-B69FBAB32190}.Debug|iPhone.ActiveCfg = Debug|iPhone
		{28BE91E0-66F0-4B76-B521-B69FBAB32190}.Debug|iPhone.Build.0 = Debug|iPhone
		{28BE91E0-66F0-4B76-B521-B69FBAB32190}.Debug|iPhoneSimulator.ActiveCfg = Debug|iPhoneSimulator
		{28BE91E0-66F0-4B76-B521-B69FBAB32190}.Debug|iPhoneSimulator.Build.0 = Debug|iPhoneSimulator
		{28BE91E0-66F0-4B76-B521-B69FBAB32190}.Debug|x86.ActiveCfg = Debug|iPhone
		{28BE91E0-66F0-4B76-B521-B69FBAB32190}.Release|Any CPU.ActiveCfg = Release|iPhone
		{28BE91E0-66F0-4B76-B521-B69FBAB32190}.Release|ARM.ActiveCfg = Release|iPhone
		{28BE91E0-66F0-4B76-B521-B69FBAB32190}.Release|iPhone.ActiveCfg = Release|iPhone
		{28BE91E0-66F0-4B76-B521-B69FBAB32190}.Release|iPhone.Build.0 = Release|iPhone
		{28BE91E0-66F0-4B76-B521-B69FBAB32190}.Release|iPhoneSimulator.ActiveCfg = Release|iPhoneSimulator
		{28BE91E0-66F0-4B76-B521-B69FBAB32190}.Release|iPhoneSimulator.Build.0 = Release|iPhoneSimulator
		{28BE91E0-66F0-4B76-B521-B69FBAB32190}.Release|x86.ActiveCfg = Release|iPhone
		{0BD78888-672A-4D43-8D0E-FE94E993182F}.Ad-Hoc|Any CPU.ActiveCfg = Release|Any CPU
		{0BD78888-672A-4D43-8D0E-FE94E993182F}.Ad-Hoc|Any CPU.Build.0 = Release|Any CPU
		{0BD78888-672A-4D43-8D0E-FE94E993182F}.Ad-Hoc|Any CPU.Deploy.0 = Release|Any CPU
		{0BD78888-672A-4D43-8D0E-FE94E993182F}.Ad-Hoc|ARM.ActiveCfg = Release|Any CPU
		{0BD78888-672A-4D43-8D0E-FE94E993182F}.Ad-Hoc|ARM.Build.0 = Release|Any CPU
		{0BD78888-672A-4D43-8D0E-FE94E993182F}.Ad-Hoc|ARM.Deploy.0 = Release|Any CPU
		{0BD78888-672A-4D43-8D0E-FE94E993182F}.Ad-Hoc|iPhone.ActiveCfg = Release|Any CPU
		{0BD78888-672A-4D43-8D0E-FE94E993182F}.Ad-Hoc|iPhone.Build.0 = Release|Any CPU
		{0BD78888-672A-4D43-8D0E-FE94E993182F}.Ad-Hoc|iPhone.Deploy.0 = Release|Any CPU
		{0BD78888-672A-4D43-8D0E-FE94E993182F}.Ad-Hoc|iPhoneSimulator.ActiveCfg = Release|Any CPU
		{0BD78888-672A-4D43-8D0E-FE94E993182F}.Ad-Hoc|iPhoneSimulator.Build.0 = Release|Any CPU
		{0BD78888-672A-4D43-8D0E-FE94E993182F}.Ad-Hoc|iPhoneSimulator.Deploy.0 = Release|Any CPU
		{0BD78888-672A-4D43-8D0E-FE94E993182F}.Ad-Hoc|x86.ActiveCfg = Release|Any CPU
		{0BD78888-672A-4D43-8D0E-FE94E993182F}.Ad-Hoc|x86.Build.0 = Release|Any CPU
		{0BD78888-672A-4D43-8D0E-FE94E993182F}.Ad-Hoc|x86.Deploy.0 = Release|Any CPU
		{0BD78888-672A-4D43-8D0E-FE94E993182F}.AppStore|Any CPU.ActiveCfg = Release|Any CPU
		{0BD78888-672A-4D43-8D0E-FE94E993182F}.AppStore|Any CPU.Build.0 = Release|Any CPU
		{0BD78888-672A-4D43-8D0E-FE94E993182F}.AppStore|Any CPU.Deploy.0 = Release|Any CPU
		{0BD78888-672A-4D43-8D0E-FE94E993182F}.AppStore|ARM.ActiveCfg = Release|Any CPU
		{0BD78888-672A-4D43-8D0E-FE94E993182F}.AppStore|ARM.Build.0 = Release|Any CPU
		{0BD78888-672A-4D43-8D0E-FE94E993182F}.AppStore|ARM.Deploy.0 = Release|Any CPU
		{0BD78888-672A-4D43-8D0E-FE94E993182F}.AppStore|iPhone.ActiveCfg = Release|Any CPU
		{0BD78888-672A-4D43-8D0E-FE94E993182F}.AppStore|iPhone.Build.0 = Release|Any CPU
		{0BD78888-672A-4D43-8D0E-FE94E993182F}.AppStore|iPhone.Deploy.0 = Release|Any CPU
		{0BD78888-672A-4D43-8D0E-FE94E993182F}.AppStore|iPhoneSimulator.ActiveCfg = Release|Any CPU
		{0BD78888-672A-4D43-8D0E-FE94E993182F}.AppStore|iPhoneSimulator.Build.0 = Release|Any CPU
		{0BD78888-672A-4D43-8D0E-FE94E993182F}.AppStore|iPhoneSimulator.Deploy.0 = Release|Any CPU
		{0BD78888-672A-4D43-8D0E-FE94E993182F}.AppStore|x86.ActiveCfg = Release|Any CPU
		{0BD78888-672A-4D43-8D0E-FE94E993182F}.AppStore|x86.Build.0 = Release|Any CPU
		{0BD78888-672A-4D43-8D0E-FE94E993182F}.AppStore|x86.Deploy.0 = Release|Any CPU
		{0BD78888-672A-4D43-8D0E-FE94E993182F}.Debug|Any CPU.ActiveCfg = Debug|Any CPU
		{0BD78888-672A-4D43-8D0E-FE94E993182F}.Debug|Any CPU.Build.0 = Debug|Any CPU
		{0BD78888-672A-4D43-8D0E-FE94E993182F}.Debug|Any CPU.Deploy.0 = Debug|Any CPU
		{0BD78888-672A-4D43-8D0E-FE94E993182F}.Debug|ARM.ActiveCfg = Debug|Any CPU
		{0BD78888-672A-4D43-8D0E-FE94E993182F}.Debug|ARM.Build.0 = Debug|Any CPU
		{0BD78888-672A-4D43-8D0E-FE94E993182F}.Debug|ARM.Deploy.0 = Debug|Any CPU
		{0BD78888-672A-4D43-8D0E-FE94E993182F}.Debug|iPhone.ActiveCfg = Debug|Any CPU
		{0BD78888-672A-4D43-8D0E-FE94E993182F}.Debug|iPhone.Build.0 = Debug|Any CPU
		{0BD78888-672A-4D43-8D0E-FE94E993182F}.Debug|iPhone.Deploy.0 = Debug|Any CPU
		{0BD78888-672A-4D43-8D0E-FE94E993182F}.Debug|iPhoneSimulator.ActiveCfg = Debug|Any CPU
		{0BD78888-672A-4D43-8D0E-FE94E993182F}.Debug|iPhoneSimulator.Build.0 = Debug|Any CPU
		{0BD78888-672A-4D43-8D0E-FE94E993182F}.Debug|iPhoneSimulator.Deploy.0 = Debug|Any CPU
		{0BD78888-672A-4D43-8D0E-FE94E993182F}.Debug|x86.ActiveCfg = Debug|Any CPU
		{0BD78888-672A-4D43-8D0E-FE94E993182F}.Debug|x86.Build.0 = Debug|Any CPU
		{0BD78888-672A-4D43-8D0E-FE94E993182F}.Debug|x86.Deploy.0 = Debug|Any CPU
		{0BD78888-672A-4D43-8D0E-FE94E993182F}.Release|Any CPU.ActiveCfg = Release|Any CPU
		{0BD78888-672A-4D43-8D0E-FE94E993182F}.Release|Any CPU.Build.0 = Release|Any CPU
		{0BD78888-672A-4D43-8D0E-FE94E993182F}.Release|Any CPU.Deploy.0 = Release|Any CPU
		{0BD78888-672A-4D43-8D0E-FE94E993182F}.Release|ARM.ActiveCfg = Release|Any CPU
		{0BD78888-672A-4D43-8D0E-FE94E993182F}.Release|ARM.Build.0 = Release|Any CPU
		{0BD78888-672A-4D43-8D0E-FE94E993182F}.Release|ARM.Deploy.0 = Release|Any CPU
		{0BD78888-672A-4D43-8D0E-FE94E993182F}.Release|iPhone.ActiveCfg = Release|Any CPU
		{0BD78888-672A-4D43-8D0E-FE94E993182F}.Release|iPhone.Build.0 = Release|Any CPU
		{0BD78888-672A-4D43-8D0E-FE94E993182F}.Release|iPhone.Deploy.0 = Release|Any CPU
		{0BD78888-672A-4D43-8D0E-FE94E993182F}.Release|iPhoneSimulator.ActiveCfg = Release|Any CPU
		{0BD78888-672A-4D43-8D0E-FE94E993182F}.Release|iPhoneSimulator.Build.0 = Release|Any CPU
		{0BD78888-672A-4D43-8D0E-FE94E993182F}.Release|iPhoneSimulator.Deploy.0 = Release|Any CPU
		{0BD78888-672A-4D43-8D0E-FE94E993182F}.Release|x86.ActiveCfg = Release|Any CPU
		{0BD78888-672A-4D43-8D0E-FE94E993182F}.Release|x86.Build.0 = Release|Any CPU
		{0BD78888-672A-4D43-8D0E-FE94E993182F}.Release|x86.Deploy.0 = Release|Any CPU
		{201EE1F4-2082-421E-B51F-BA8A99A146B8}.Ad-Hoc|Any CPU.ActiveCfg = Release|Any CPU
		{201EE1F4-2082-421E-B51F-BA8A99A146B8}.Ad-Hoc|Any CPU.Build.0 = Release|Any CPU
		{201EE1F4-2082-421E-B51F-BA8A99A146B8}.Ad-Hoc|Any CPU.Deploy.0 = Release|Any CPU
		{201EE1F4-2082-421E-B51F-BA8A99A146B8}.Ad-Hoc|ARM.ActiveCfg = Release|ARM
		{201EE1F4-2082-421E-B51F-BA8A99A146B8}.Ad-Hoc|ARM.Build.0 = Release|ARM
		{201EE1F4-2082-421E-B51F-BA8A99A146B8}.Ad-Hoc|ARM.Deploy.0 = Release|ARM
		{201EE1F4-2082-421E-B51F-BA8A99A146B8}.Ad-Hoc|iPhone.ActiveCfg = Release|Any CPU
		{201EE1F4-2082-421E-B51F-BA8A99A146B8}.Ad-Hoc|iPhone.Build.0 = Release|Any CPU
		{201EE1F4-2082-421E-B51F-BA8A99A146B8}.Ad-Hoc|iPhone.Deploy.0 = Release|Any CPU
		{201EE1F4-2082-421E-B51F-BA8A99A146B8}.Ad-Hoc|iPhoneSimulator.ActiveCfg = Release|Any CPU
		{201EE1F4-2082-421E-B51F-BA8A99A146B8}.Ad-Hoc|iPhoneSimulator.Build.0 = Release|Any CPU
		{201EE1F4-2082-421E-B51F-BA8A99A146B8}.Ad-Hoc|iPhoneSimulator.Deploy.0 = Release|Any CPU
		{201EE1F4-2082-421E-B51F-BA8A99A146B8}.Ad-Hoc|x86.ActiveCfg = Release|x86
		{201EE1F4-2082-421E-B51F-BA8A99A146B8}.Ad-Hoc|x86.Build.0 = Release|x86
		{201EE1F4-2082-421E-B51F-BA8A99A146B8}.Ad-Hoc|x86.Deploy.0 = Release|x86
		{201EE1F4-2082-421E-B51F-BA8A99A146B8}.AppStore|Any CPU.ActiveCfg = Release|Any CPU
		{201EE1F4-2082-421E-B51F-BA8A99A146B8}.AppStore|Any CPU.Build.0 = Release|Any CPU
		{201EE1F4-2082-421E-B51F-BA8A99A146B8}.AppStore|Any CPU.Deploy.0 = Release|Any CPU
		{201EE1F4-2082-421E-B51F-BA8A99A146B8}.AppStore|ARM.ActiveCfg = Release|ARM
		{201EE1F4-2082-421E-B51F-BA8A99A146B8}.AppStore|ARM.Build.0 = Release|ARM
		{201EE1F4-2082-421E-B51F-BA8A99A146B8}.AppStore|ARM.Deploy.0 = Release|ARM
		{201EE1F4-2082-421E-B51F-BA8A99A146B8}.AppStore|iPhone.ActiveCfg = Release|Any CPU
		{201EE1F4-2082-421E-B51F-BA8A99A146B8}.AppStore|iPhone.Build.0 = Release|Any CPU
		{201EE1F4-2082-421E-B51F-BA8A99A146B8}.AppStore|iPhone.Deploy.0 = Release|Any CPU
		{201EE1F4-2082-421E-B51F-BA8A99A146B8}.AppStore|iPhoneSimulator.ActiveCfg = Release|Any CPU
		{201EE1F4-2082-421E-B51F-BA8A99A146B8}.AppStore|iPhoneSimulator.Build.0 = Release|Any CPU
		{201EE1F4-2082-421E-B51F-BA8A99A146B8}.AppStore|iPhoneSimulator.Deploy.0 = Release|Any CPU
		{201EE1F4-2082-421E-B51F-BA8A99A146B8}.AppStore|x86.ActiveCfg = Release|x86
		{201EE1F4-2082-421E-B51F-BA8A99A146B8}.AppStore|x86.Build.0 = Release|x86
		{201EE1F4-2082-421E-B51F-BA8A99A146B8}.AppStore|x86.Deploy.0 = Release|x86
		{201EE1F4-2082-421E-B51F-BA8A99A146B8}.Debug|Any CPU.ActiveCfg = Debug|Any CPU
		{201EE1F4-2082-421E-B51F-BA8A99A146B8}.Debug|Any CPU.Build.0 = Debug|Any CPU
		{201EE1F4-2082-421E-B51F-BA8A99A146B8}.Debug|Any CPU.Deploy.0 = Debug|Any CPU
		{201EE1F4-2082-421E-B51F-BA8A99A146B8}.Debug|ARM.ActiveCfg = Debug|ARM
		{201EE1F4-2082-421E-B51F-BA8A99A146B8}.Debug|ARM.Build.0 = Debug|ARM
		{201EE1F4-2082-421E-B51F-BA8A99A146B8}.Debug|ARM.Deploy.0 = Debug|ARM
		{201EE1F4-2082-421E-B51F-BA8A99A146B8}.Debug|iPhone.ActiveCfg = Debug|Any CPU
		{201EE1F4-2082-421E-B51F-BA8A99A146B8}.Debug|iPhone.Build.0 = Debug|Any CPU
		{201EE1F4-2082-421E-B51F-BA8A99A146B8}.Debug|iPhone.Deploy.0 = Debug|Any CPU
		{201EE1F4-2082-421E-B51F-BA8A99A146B8}.Debug|iPhoneSimulator.ActiveCfg = Debug|Any CPU
		{201EE1F4-2082-421E-B51F-BA8A99A146B8}.Debug|iPhoneSimulator.Build.0 = Debug|Any CPU
		{201EE1F4-2082-421E-B51F-BA8A99A146B8}.Debug|iPhoneSimulator.Deploy.0 = Debug|Any CPU
		{201EE1F4-2082-421E-B51F-BA8A99A146B8}.Debug|x86.ActiveCfg = Debug|x86
		{201EE1F4-2082-421E-B51F-BA8A99A146B8}.Debug|x86.Build.0 = Debug|x86
		{201EE1F4-2082-421E-B51F-BA8A99A146B8}.Debug|x86.Deploy.0 = Debug|x86
		{201EE1F4-2082-421E-B51F-BA8A99A146B8}.Release|Any CPU.ActiveCfg = Release|Any CPU
		{201EE1F4-2082-421E-B51F-BA8A99A146B8}.Release|Any CPU.Build.0 = Release|Any CPU
		{201EE1F4-2082-421E-B51F-BA8A99A146B8}.Release|Any CPU.Deploy.0 = Release|Any CPU
		{201EE1F4-2082-421E-B51F-BA8A99A146B8}.Release|ARM.ActiveCfg = Release|ARM
		{201EE1F4-2082-421E-B51F-BA8A99A146B8}.Release|ARM.Build.0 = Release|ARM
		{201EE1F4-2082-421E-B51F-BA8A99A146B8}.Release|ARM.Deploy.0 = Release|ARM
		{201EE1F4-2082-421E-B51F-BA8A99A146B8}.Release|iPhone.ActiveCfg = Release|Any CPU
		{201EE1F4-2082-421E-B51F-BA8A99A146B8}.Release|iPhone.Build.0 = Release|Any CPU
		{201EE1F4-2082-421E-B51F-BA8A99A146B8}.Release|iPhone.Deploy.0 = Release|Any CPU
		{201EE1F4-2082-421E-B51F-BA8A99A146B8}.Release|iPhoneSimulator.ActiveCfg = Release|Any CPU
		{201EE1F4-2082-421E-B51F-BA8A99A146B8}.Release|iPhoneSimulator.Build.0 = Release|Any CPU
		{201EE1F4-2082-421E-B51F-BA8A99A146B8}.Release|iPhoneSimulator.Deploy.0 = Release|Any CPU
		{201EE1F4-2082-421E-B51F-BA8A99A146B8}.Release|x86.ActiveCfg = Release|x86
		{201EE1F4-2082-421E-B51F-BA8A99A146B8}.Release|x86.Build.0 = Release|x86
		{201EE1F4-2082-421E-B51F-BA8A99A146B8}.Release|x86.Deploy.0 = Release|x86
	EndGlobalSection
	GlobalSection(SolutionProperties) = preSolution
		HideSolutionNode = FALSE
	EndGlobalSection
EndGlobal
